
Microsoft Visual Studio Solution File, Format Version 12.00
# Visual Studio Version 17
VisualStudioVersion = 17.0.32112.339
MinimumVisualStudioVersion = 10.0.40219.1
Project("{9A19103F-16F7-4668-BE54-9A1E7A4F7556}") = "VendingMachine", "VendingMachine\VendingMachine.csproj", "{DB66EDC1-D92F-4C6F-A30E-B1BB3BD10C19}"
EndProject
Project("{FAE04EC0-301F-11D3-BF4B-00C04F79EFBC}") = "VendingMachine.Tests", "VendingMachine.Tests\VendingMachine.Tests.csproj", "{0EE60450-4A27-4691-9EBC-ADFF9580681B}"
EndProject
Global
	GlobalSection(SolutionConfigurationPlatforms) = preSolution
		Debug|Any CPU = Debug|Any CPU
		Release|Any CPU = Release|Any CPU
	EndGlobalSection
	GlobalSection(ProjectConfigurationPlatforms) = postSolution
		{DB66EDC1-D92F-4C6F-A30E-B1BB3BD10C19}.Debug|Any CPU.ActiveCfg = Debug|Any CPU
		{DB66EDC1-D92F-4C6F-A30E-B1BB3BD10C19}.Debug|Any CPU.Build.0 = Debug|Any CPU
		{DB66EDC1-D92F-4C6F-A30E-B1BB3BD10C19}.Release|Any CPU.ActiveCfg = Release|Any CPU
		{DB66EDC1-D92F-4C6F-A30E-B1BB3BD10C19}.Release|Any CPU.Build.0 = Release|Any CPU
		{0EE60450-4A27-4691-9EBC-ADFF9580681B}.Debug|Any CPU.ActiveCfg = Debug|Any CPU
		{0EE60450-4A27-4691-9EBC-ADFF9580681B}.Debug|Any CPU.Build.0 = Debug|Any CPU
		{0EE60450-4A27-4691-9EBC-ADFF9580681B}.Release|Any CPU.ActiveCfg = Release|Any CPU
		{0EE60450-4A27-4691-9EBC-ADFF9580681B}.Release|Any CPU.Build.0 = Release|Any CPU
	EndGlobalSection
	GlobalSection(SolutionProperties) = preSolution
		HideSolutionNode = FALSE
	EndGlobalSection
	GlobalSection(ExtensibilityGlobals) = postSolution
		SolutionGuid = {B62C8132-A159-4CF5-A3E5-6914D13E79E5}
	EndGlobalSection
EndGlobal
